
Microsoft Visual Studio Solution File, Format Version 12.00
# Visual Studio Version 17
VisualStudioVersion = 17.12.35707.178
MinimumVisualStudioVersion = 10.0.40219.1
Project("{2150E333-8FDC-42A3-9474-1A3956D46DE8}") = "Lesson_02", "Lesson_02", "{33AF11A5-3034-4130-9386-69826D0326CA}"
EndProject
Project("{FAE04EC0-301F-11D3-BF4B-00C04F79EFBC}") = "Task_02_02", "Task_02_02\Task_02_02.csproj", "{D50409B1-C3A5-43B8-A37B-EB211F4E0C58}"
EndProject
Project("{FAE04EC0-301F-11D3-BF4B-00C04F79EFBC}") = "Task_02_04", "Task_02_04\Task_02_04.csproj", "{AF09A180-25E4-4706-9B98-2D8E68AC6F80}"
EndProject
Project("{FAE04EC0-301F-11D3-BF4B-00C04F79EFBC}") = "Lesson_03", "Lesson_03\Lesson_03.csproj", "{9EA2277D-3E46-4876-9DA4-46FAC29E4F84}"
EndProject
Project("{2150E333-8FDC-42A3-9474-1A3956D46DE8}") = "Lesson__03", "Lesson__03", "{9BB2CBC2-6602-484D-BE66-DEB8576BE365}"
EndProject
Project("{FAE04EC0-301F-11D3-BF4B-00C04F79EFBC}") = "Task_03_04", "Task_03_04\Task_03_04.csproj", "{9E8C260C-995A-49E4-8729-22609C540359}"
EndProject
Project("{FAE04EC0-301F-11D3-BF4B-00C04F79EFBC}") = "Task_03_05", "Task_03_05\Task_03_05.csproj", "{82FF62DA-450C-43B1-A078-84C86D40D1EA}"
EndProject
Project("{FAE04EC0-301F-11D3-BF4B-00C04F79EFBC}") = "Task_06_03", "Task_06_03\Task_06_03.csproj", "{852C9C63-0D49-41C5-926A-D1ED5E867A23}"
EndProject
Project("{FAE04EC0-301F-11D3-BF4B-00C04F79EFBC}") = "Task_03_07", "Task_03_07\Task_03_07.csproj", "{58BE63E0-B7DA-4EF3-AF73-FA1407685B94}"
EndProject
Project("{FAE04EC0-301F-11D3-BF4B-00C04F79EFBC}") = "Task_03_08", "Task_03_08\Task_03_08.csproj", "{8E45A13F-DE90-4E72-9C65-C095580981BE}"
EndProject
Global
	GlobalSection(SolutionConfigurationPlatforms) = preSolution
		Debug|Any CPU = Debug|Any CPU
		Release|Any CPU = Release|Any CPU
	EndGlobalSection
	GlobalSection(ProjectConfigurationPlatforms) = postSolution
		{D50409B1-C3A5-43B8-A37B-EB211F4E0C58}.Debug|Any CPU.ActiveCfg = Debug|Any CPU
		{D50409B1-C3A5-43B8-A37B-EB211F4E0C58}.Debug|Any CPU.Build.0 = Debug|Any CPU
		{D50409B1-C3A5-43B8-A37B-EB211F4E0C58}.Release|Any CPU.ActiveCfg = Release|Any CPU
		{D50409B1-C3A5-43B8-A37B-EB211F4E0C58}.Release|Any CPU.Build.0 = Release|Any CPU
		{AF09A180-25E4-4706-9B98-2D8E68AC6F80}.Debug|Any CPU.ActiveCfg = Debug|Any CPU
		{AF09A180-25E4-4706-9B98-2D8E68AC6F80}.Debug|Any CPU.Build.0 = Debug|Any CPU
		{AF09A180-25E4-4706-9B98-2D8E68AC6F80}.Release|Any CPU.ActiveCfg = Release|Any CPU
		{AF09A180-25E4-4706-9B98-2D8E68AC6F80}.Release|Any CPU.Build.0 = Release|Any CPU
		{9EA2277D-3E46-4876-9DA4-46FAC29E4F84}.Debug|Any CPU.ActiveCfg = Debug|Any CPU
		{9EA2277D-3E46-4876-9DA4-46FAC29E4F84}.Debug|Any CPU.Build.0 = Debug|Any CPU
		{9EA2277D-3E46-4876-9DA4-46FAC29E4F84}.Release|Any CPU.ActiveCfg = Release|Any CPU
		{9EA2277D-3E46-4876-9DA4-46FAC29E4F84}.Release|Any CPU.Build.0 = Release|Any CPU
		{9E8C260C-995A-49E4-8729-22609C540359}.Debug|Any CPU.ActiveCfg = Debug|Any CPU
		{9E8C260C-995A-49E4-8729-22609C540359}.Debug|Any CPU.Build.0 = Debug|Any CPU
		{9E8C260C-995A-49E4-8729-22609C540359}.Release|Any CPU.ActiveCfg = Release|Any CPU
		{9E8C260C-995A-49E4-8729-22609C540359}.Release|Any CPU.Build.0 = Release|Any CPU
		{82FF62DA-450C-43B1-A078-84C86D40D1EA}.Debug|Any CPU.ActiveCfg = Debug|Any CPU
		{82FF62DA-450C-43B1-A078-84C86D40D1EA}.Debug|Any CPU.Build.0 = Debug|Any CPU
		{82FF62DA-450C-43B1-A078-84C86D40D1EA}.Release|Any CPU.ActiveCfg = Release|Any CPU
		{82FF62DA-450C-43B1-A078-84C86D40D1EA}.Release|Any CPU.Build.0 = Release|Any CPU
		{852C9C63-0D49-41C5-926A-D1ED5E867A23}.Debug|Any CPU.ActiveCfg = Debug|Any CPU
		{852C9C63-0D49-41C5-926A-D1ED5E867A23}.Debug|Any CPU.Build.0 = Debug|Any CPU
		{852C9C63-0D49-41C5-926A-D1ED5E867A23}.Release|Any CPU.ActiveCfg = Release|Any CPU
		{852C9C63-0D49-41C5-926A-D1ED5E867A23}.Release|Any CPU.Build.0 = Release|Any CPU
		{58BE63E0-B7DA-4EF3-AF73-FA1407685B94}.Debug|Any CPU.ActiveCfg = Debug|Any CPU
		{58BE63E0-B7DA-4EF3-AF73-FA1407685B94}.Debug|Any CPU.Build.0 = Debug|Any CPU
		{58BE63E0-B7DA-4EF3-AF73-FA1407685B94}.Release|Any CPU.ActiveCfg = Release|Any CPU
		{58BE63E0-B7DA-4EF3-AF73-FA1407685B94}.Release|Any CPU.Build.0 = Release|Any CPU
		{8E45A13F-DE90-4E72-9C65-C095580981BE}.Debug|Any CPU.ActiveCfg = Debug|Any CPU
		{8E45A13F-DE90-4E72-9C65-C095580981BE}.Debug|Any CPU.Build.0 = Debug|Any CPU
		{8E45A13F-DE90-4E72-9C65-C095580981BE}.Release|Any CPU.ActiveCfg = Release|Any CPU
		{8E45A13F-DE90-4E72-9C65-C095580981BE}.Release|Any CPU.Build.0 = Release|Any CPU
	EndGlobalSection
	GlobalSection(SolutionProperties) = preSolution
		HideSolutionNode = FALSE
	EndGlobalSection
	GlobalSection(NestedProjects) = preSolution
		{D50409B1-C3A5-43B8-A37B-EB211F4E0C58} = {33AF11A5-3034-4130-9386-69826D0326CA}
		{9EA2277D-3E46-4876-9DA4-46FAC29E4F84} = {33AF11A5-3034-4130-9386-69826D0326CA}
		{9E8C260C-995A-49E4-8729-22609C540359} = {9BB2CBC2-6602-484D-BE66-DEB8576BE365}
		{82FF62DA-450C-43B1-A078-84C86D40D1EA} = {9BB2CBC2-6602-484D-BE66-DEB8576BE365}
		{852C9C63-0D49-41C5-926A-D1ED5E867A23} = {9BB2CBC2-6602-484D-BE66-DEB8576BE365}
		{58BE63E0-B7DA-4EF3-AF73-FA1407685B94} = {9BB2CBC2-6602-484D-BE66-DEB8576BE365}
		{8E45A13F-DE90-4E72-9C65-C095580981BE} = {9BB2CBC2-6602-484D-BE66-DEB8576BE365}
	EndGlobalSection
EndGlobal
