
Microsoft Visual Studio Solution File, Format Version 12.00
# Visual Studio Version 17
VisualStudioVersion = 17.12.35707.178
MinimumVisualStudioVersion = 10.0.40219.1
Project("{2150E333-8FDC-42A3-9474-1A3956D46DE8}") = "Lesson_02", "Lesson_02", "{33AF11A5-3034-4130-9386-69826D0326CA}"
EndProject
Project("{FAE04EC0-301F-11D3-BF4B-00C04F79EFBC}") = "Task_02_02", "Task_02_02\Task_02_02.csproj", "{D50409B1-C3A5-43B8-A37B-EB211F4E0C58}"
EndProject
Project("{FAE04EC0-301F-11D3-BF4B-00C04F79EFBC}") = "Task_02_04", "Task_02_04\Task_02_04.csproj", "{AF09A180-25E4-4706-9B98-2D8E68AC6F80}"
EndProject
Project("{FAE04EC0-301F-11D3-BF4B-00C04F79EFBC}") = "Lesson_03", "Lesson_03\Lesson_03.csproj", "{9EA2277D-3E46-4876-9DA4-46FAC29E4F84}"
EndProject
Project("{2150E333-8FDC-42A3-9474-1A3956D46DE8}") = "Lesson__03", "Lesson__03", "{9BB2CBC2-6602-484D-BE66-DEB8576BE365}"
EndProject
Project("{FAE04EC0-301F-11D3-BF4B-00C04F79EFBC}") = "Task_03_04", "Task_03_04\Task_03_04.csproj", "{9E8C260C-995A-49E4-8729-22609C540359}"
EndProject
Project("{FAE04EC0-301F-11D3-BF4B-00C04F79EFBC}") = "Task_03_05", "Task_03_05\Task_03_05.csproj", "{82FF62DA-450C-43B1-A078-84C86D40D1EA}"
EndProject
Project("{FAE04EC0-301F-11D3-BF4B-00C04F79EFBC}") = "Task_06_03", "Task_06_03\Task_06_03.csproj", "{852C9C63-0D49-41C5-926A-D1ED5E867A23}"
EndProject
Project("{FAE04EC0-301F-11D3-BF4B-00C04F79EFBC}") = "Task_03_07", "Task_03_07\Task_03_07.csproj", "{58BE63E0-B7DA-4EF3-AF73-FA1407685B94}"
EndProject
Project("{FAE04EC0-301F-11D3-BF4B-00C04F79EFBC}") = "Task_03_08", "Task_03_08\Task_03_08.csproj", "{8E45A13F-DE90-4E72-9C65-C095580981BE}"
EndProject
Project("{FAE04EC0-301F-11D3-BF4B-00C04F79EFBC}") = "Task_03_09", "Task_03_09\Task_03_09.csproj", "{DDE62CA5-D582-4F51-9AFA-A29D3CC05A80}"
EndProject
Project("{2150E333-8FDC-42A3-9474-1A3956D46DE8}") = "Lesson_04", "Lesson_04", "{69E8F098-9498-4C58-832F-1B62285F40FF}"
EndProject
Project("{FAE04EC0-301F-11D3-BF4B-00C04F79EFBC}") = "Task_04_05", "Task_04_05\Task_04_05.csproj", "{94D48F5C-C2B3-46D1-8194-624F78CCC5DB}"
EndProject
Project("{FAE04EC0-301F-11D3-BF4B-00C04F79EFBC}") = "Task_04_06", "Task_04_06\Task_04_06.csproj", "{F2190BB8-3ED7-43F2-B5AB-E550B1E0D721}"
EndProject
Project("{FAE04EC0-301F-11D3-BF4B-00C04F79EFBC}") = "Task_04_07", "Task_04_07\Task_04_07.csproj", "{2D37CE21-A847-404B-9D95-01902038318E}"
EndProject
Project("{FAE04EC0-301F-11D3-BF4B-00C04F79EFBC}") = "Task_08_04", "Task_08_04\Task_08_04.csproj", "{A9ECA84E-8740-4D34-B0D5-F290C15B1A9D}"
EndProject
Project("{FAE04EC0-301F-11D3-BF4B-00C04F79EFBC}") = "Task_04_09", "Task_04_09\Task_04_09.csproj", "{E2677C0A-D509-4C5F-B105-82DF01B4B0DC}"
EndProject
Project("{FAE04EC0-301F-11D3-BF4B-00C04F79EFBC}") = "Task_04_10", "Task_04_10\Task_04_10.csproj", "{1C0D93FE-61BD-4EED-9339-8E58A27ADA46}"
EndProject
Project("{2150E333-8FDC-42A3-9474-1A3956D46DE8}") = "Lesson_05", "Lesson_05", "{14EB1381-9CD9-4DD1-9AFC-5141D2D8D5E2}"
EndProject
Project("{FAE04EC0-301F-11D3-BF4B-00C04F79EFBC}") = "Task_05_3", "Task_05_3\Task_05_3.csproj", "{B9072CA1-D708-4F72-B328-04254FD9DFFF}"
EndProject
Global
	GlobalSection(SolutionConfigurationPlatforms) = preSolution
		Debug|Any CPU = Debug|Any CPU
		Release|Any CPU = Release|Any CPU
	EndGlobalSection
	GlobalSection(ProjectConfigurationPlatforms) = postSolution
		{D50409B1-C3A5-43B8-A37B-EB211F4E0C58}.Debug|Any CPU.ActiveCfg = Debug|Any CPU
		{D50409B1-C3A5-43B8-A37B-EB211F4E0C58}.Debug|Any CPU.Build.0 = Debug|Any CPU
		{D50409B1-C3A5-43B8-A37B-EB211F4E0C58}.Release|Any CPU.ActiveCfg = Release|Any CPU
		{D50409B1-C3A5-43B8-A37B-EB211F4E0C58}.Release|Any CPU.Build.0 = Release|Any CPU
		{AF09A180-25E4-4706-9B98-2D8E68AC6F80}.Debug|Any CPU.ActiveCfg = Debug|Any CPU
		{AF09A180-25E4-4706-9B98-2D8E68AC6F80}.Debug|Any CPU.Build.0 = Debug|Any CPU
		{AF09A180-25E4-4706-9B98-2D8E68AC6F80}.Release|Any CPU.ActiveCfg = Release|Any CPU
		{AF09A180-25E4-4706-9B98-2D8E68AC6F80}.Release|Any CPU.Build.0 = Release|Any CPU
		{9EA2277D-3E46-4876-9DA4-46FAC29E4F84}.Debug|Any CPU.ActiveCfg = Debug|Any CPU
		{9EA2277D-3E46-4876-9DA4-46FAC29E4F84}.Debug|Any CPU.Build.0 = Debug|Any CPU
		{9EA2277D-3E46-4876-9DA4-46FAC29E4F84}.Release|Any CPU.ActiveCfg = Release|Any CPU
		{9EA2277D-3E46-4876-9DA4-46FAC29E4F84}.Release|Any CPU.Build.0 = Release|Any CPU
		{9E8C260C-995A-49E4-8729-22609C540359}.Debug|Any CPU.ActiveCfg = Debug|Any CPU
		{9E8C260C-995A-49E4-8729-22609C540359}.Debug|Any CPU.Build.0 = Debug|Any CPU
		{9E8C260C-995A-49E4-8729-22609C540359}.Release|Any CPU.ActiveCfg = Release|Any CPU
		{9E8C260C-995A-49E4-8729-22609C540359}.Release|Any CPU.Build.0 = Release|Any CPU
		{82FF62DA-450C-43B1-A078-84C86D40D1EA}.Debug|Any CPU.ActiveCfg = Debug|Any CPU
		{82FF62DA-450C-43B1-A078-84C86D40D1EA}.Debug|Any CPU.Build.0 = Debug|Any CPU
		{82FF62DA-450C-43B1-A078-84C86D40D1EA}.Release|Any CPU.ActiveCfg = Release|Any CPU
		{82FF62DA-450C-43B1-A078-84C86D40D1EA}.Release|Any CPU.Build.0 = Release|Any CPU
		{852C9C63-0D49-41C5-926A-D1ED5E867A23}.Debug|Any CPU.ActiveCfg = Debug|Any CPU
		{852C9C63-0D49-41C5-926A-D1ED5E867A23}.Debug|Any CPU.Build.0 = Debug|Any CPU
		{852C9C63-0D49-41C5-926A-D1ED5E867A23}.Release|Any CPU.ActiveCfg = Release|Any CPU
		{852C9C63-0D49-41C5-926A-D1ED5E867A23}.Release|Any CPU.Build.0 = Release|Any CPU
		{58BE63E0-B7DA-4EF3-AF73-FA1407685B94}.Debug|Any CPU.ActiveCfg = Debug|Any CPU
		{58BE63E0-B7DA-4EF3-AF73-FA1407685B94}.Debug|Any CPU.Build.0 = Debug|Any CPU
		{58BE63E0-B7DA-4EF3-AF73-FA1407685B94}.Release|Any CPU.ActiveCfg = Release|Any CPU
		{58BE63E0-B7DA-4EF3-AF73-FA1407685B94}.Release|Any CPU.Build.0 = Release|Any CPU
		{8E45A13F-DE90-4E72-9C65-C095580981BE}.Debug|Any CPU.ActiveCfg = Debug|Any CPU
		{8E45A13F-DE90-4E72-9C65-C095580981BE}.Debug|Any CPU.Build.0 = Debug|Any CPU
		{8E45A13F-DE90-4E72-9C65-C095580981BE}.Release|Any CPU.ActiveCfg = Release|Any CPU
		{8E45A13F-DE90-4E72-9C65-C095580981BE}.Release|Any CPU.Build.0 = Release|Any CPU
		{DDE62CA5-D582-4F51-9AFA-A29D3CC05A80}.Debug|Any CPU.ActiveCfg = Debug|Any CPU
		{DDE62CA5-D582-4F51-9AFA-A29D3CC05A80}.Debug|Any CPU.Build.0 = Debug|Any CPU
		{DDE62CA5-D582-4F51-9AFA-A29D3CC05A80}.Release|Any CPU.ActiveCfg = Release|Any CPU
		{DDE62CA5-D582-4F51-9AFA-A29D3CC05A80}.Release|Any CPU.Build.0 = Release|Any CPU
		{94D48F5C-C2B3-46D1-8194-624F78CCC5DB}.Debug|Any CPU.ActiveCfg = Debug|Any CPU
		{94D48F5C-C2B3-46D1-8194-624F78CCC5DB}.Debug|Any CPU.Build.0 = Debug|Any CPU
		{94D48F5C-C2B3-46D1-8194-624F78CCC5DB}.Release|Any CPU.ActiveCfg = Release|Any CPU
		{94D48F5C-C2B3-46D1-8194-624F78CCC5DB}.Release|Any CPU.Build.0 = Release|Any CPU
		{F2190BB8-3ED7-43F2-B5AB-E550B1E0D721}.Debug|Any CPU.ActiveCfg = Debug|Any CPU
		{F2190BB8-3ED7-43F2-B5AB-E550B1E0D721}.Debug|Any CPU.Build.0 = Debug|Any CPU
		{F2190BB8-3ED7-43F2-B5AB-E550B1E0D721}.Release|Any CPU.ActiveCfg = Release|Any CPU
		{F2190BB8-3ED7-43F2-B5AB-E550B1E0D721}.Release|Any CPU.Build.0 = Release|Any CPU
		{2D37CE21-A847-404B-9D95-01902038318E}.Debug|Any CPU.ActiveCfg = Debug|Any CPU
		{2D37CE21-A847-404B-9D95-01902038318E}.Debug|Any CPU.Build.0 = Debug|Any CPU
		{2D37CE21-A847-404B-9D95-01902038318E}.Release|Any CPU.ActiveCfg = Release|Any CPU
		{2D37CE21-A847-404B-9D95-01902038318E}.Release|Any CPU.Build.0 = Release|Any CPU
		{A9ECA84E-8740-4D34-B0D5-F290C15B1A9D}.Debug|Any CPU.ActiveCfg = Debug|Any CPU
		{A9ECA84E-8740-4D34-B0D5-F290C15B1A9D}.Debug|Any CPU.Build.0 = Debug|Any CPU
		{A9ECA84E-8740-4D34-B0D5-F290C15B1A9D}.Release|Any CPU.ActiveCfg = Release|Any CPU
		{A9ECA84E-8740-4D34-B0D5-F290C15B1A9D}.Release|Any CPU.Build.0 = Release|Any CPU
		{E2677C0A-D509-4C5F-B105-82DF01B4B0DC}.Debug|Any CPU.ActiveCfg = Debug|Any CPU
		{E2677C0A-D509-4C5F-B105-82DF01B4B0DC}.Debug|Any CPU.Build.0 = Debug|Any CPU
		{E2677C0A-D509-4C5F-B105-82DF01B4B0DC}.Release|Any CPU.ActiveCfg = Release|Any CPU
		{E2677C0A-D509-4C5F-B105-82DF01B4B0DC}.Release|Any CPU.Build.0 = Release|Any CPU
		{1C0D93FE-61BD-4EED-9339-8E58A27ADA46}.Debug|Any CPU.ActiveCfg = Debug|Any CPU
		{1C0D93FE-61BD-4EED-9339-8E58A27ADA46}.Debug|Any CPU.Build.0 = Debug|Any CPU
		{1C0D93FE-61BD-4EED-9339-8E58A27ADA46}.Release|Any CPU.ActiveCfg = Release|Any CPU
		{1C0D93FE-61BD-4EED-9339-8E58A27ADA46}.Release|Any CPU.Build.0 = Release|Any CPU
		{B9072CA1-D708-4F72-B328-04254FD9DFFF}.Debug|Any CPU.ActiveCfg = Debug|Any CPU
		{B9072CA1-D708-4F72-B328-04254FD9DFFF}.Debug|Any CPU.Build.0 = Debug|Any CPU
		{B9072CA1-D708-4F72-B328-04254FD9DFFF}.Release|Any CPU.ActiveCfg = Release|Any CPU
		{B9072CA1-D708-4F72-B328-04254FD9DFFF}.Release|Any CPU.Build.0 = Release|Any CPU
	EndGlobalSection
	GlobalSection(SolutionProperties) = preSolution
		HideSolutionNode = FALSE
	EndGlobalSection
	GlobalSection(NestedProjects) = preSolution
		{D50409B1-C3A5-43B8-A37B-EB211F4E0C58} = {33AF11A5-3034-4130-9386-69826D0326CA}
		{9EA2277D-3E46-4876-9DA4-46FAC29E4F84} = {33AF11A5-3034-4130-9386-69826D0326CA}
		{9E8C260C-995A-49E4-8729-22609C540359} = {9BB2CBC2-6602-484D-BE66-DEB8576BE365}
		{82FF62DA-450C-43B1-A078-84C86D40D1EA} = {9BB2CBC2-6602-484D-BE66-DEB8576BE365}
		{852C9C63-0D49-41C5-926A-D1ED5E867A23} = {9BB2CBC2-6602-484D-BE66-DEB8576BE365}
		{58BE63E0-B7DA-4EF3-AF73-FA1407685B94} = {9BB2CBC2-6602-484D-BE66-DEB8576BE365}
		{8E45A13F-DE90-4E72-9C65-C095580981BE} = {9BB2CBC2-6602-484D-BE66-DEB8576BE365}
		{DDE62CA5-D582-4F51-9AFA-A29D3CC05A80} = {9BB2CBC2-6602-484D-BE66-DEB8576BE365}
		{94D48F5C-C2B3-46D1-8194-624F78CCC5DB} = {69E8F098-9498-4C58-832F-1B62285F40FF}
		{F2190BB8-3ED7-43F2-B5AB-E550B1E0D721} = {69E8F098-9498-4C58-832F-1B62285F40FF}
		{2D37CE21-A847-404B-9D95-01902038318E} = {69E8F098-9498-4C58-832F-1B62285F40FF}
		{A9ECA84E-8740-4D34-B0D5-F290C15B1A9D} = {69E8F098-9498-4C58-832F-1B62285F40FF}
		{E2677C0A-D509-4C5F-B105-82DF01B4B0DC} = {69E8F098-9498-4C58-832F-1B62285F40FF}
		{1C0D93FE-61BD-4EED-9339-8E58A27ADA46} = {69E8F098-9498-4C58-832F-1B62285F40FF}
		{B9072CA1-D708-4F72-B328-04254FD9DFFF} = {14EB1381-9CD9-4DD1-9AFC-5141D2D8D5E2}
	EndGlobalSection
EndGlobal
