
Microsoft Visual Studio Solution File, Format Version 12.00
# Visual Studio Version 17
VisualStudioVersion = 17.12.35707.178 d17.12
MinimumVisualStudioVersion = 10.0.40219.1
Project("{2150E333-8FDC-42A3-9474-1A3956D46DE8}") = "Lesson_02", "Lesson_02", "{33AF11A5-3034-4130-9386-69826D0326CA}"
EndProject
Project("{FAE04EC0-301F-11D3-BF4B-00C04F79EFBC}") = "Task_02_02", "Task_02_02\Task_02_02.csproj", "{D50409B1-C3A5-43B8-A37B-EB211F4E0C58}"
EndProject
Project("{FAE04EC0-301F-11D3-BF4B-00C04F79EFBC}") = "Task_02_04", "Task_02_04\Task_02_04.csproj", "{AF09A180-25E4-4706-9B98-2D8E68AC6F80}"
EndProject
Global
	GlobalSection(SolutionConfigurationPlatforms) = preSolution
		Debug|Any CPU = Debug|Any CPU
		Release|Any CPU = Release|Any CPU
	EndGlobalSection
	GlobalSection(ProjectConfigurationPlatforms) = postSolution
		{D50409B1-C3A5-43B8-A37B-EB211F4E0C58}.Debug|Any CPU.ActiveCfg = Debug|Any CPU
		{D50409B1-C3A5-43B8-A37B-EB211F4E0C58}.Debug|Any CPU.Build.0 = Debug|Any CPU
		{D50409B1-C3A5-43B8-A37B-EB211F4E0C58}.Release|Any CPU.ActiveCfg = Release|Any CPU
		{D50409B1-C3A5-43B8-A37B-EB211F4E0C58}.Release|Any CPU.Build.0 = Release|Any CPU
		{AF09A180-25E4-4706-9B98-2D8E68AC6F80}.Debug|Any CPU.ActiveCfg = Debug|Any CPU
		{AF09A180-25E4-4706-9B98-2D8E68AC6F80}.Debug|Any CPU.Build.0 = Debug|Any CPU
		{AF09A180-25E4-4706-9B98-2D8E68AC6F80}.Release|Any CPU.ActiveCfg = Release|Any CPU
		{AF09A180-25E4-4706-9B98-2D8E68AC6F80}.Release|Any CPU.Build.0 = Release|Any CPU
	EndGlobalSection
	GlobalSection(SolutionProperties) = preSolution
		HideSolutionNode = FALSE
	EndGlobalSection
	GlobalSection(NestedProjects) = preSolution
		{D50409B1-C3A5-43B8-A37B-EB211F4E0C58} = {33AF11A5-3034-4130-9386-69826D0326CA}
	EndGlobalSection
EndGlobal
